PODS:
  - Alamofire (4.8.2)
  - Charts (3.2.2):
    - Charts/Core (= 3.2.2)
  - Charts/Core (3.2.2)
  - RxAtomic (4.4.2)
  - RxBlocking (4.4.2):
    - RxAtomic (>= 4.4.2, ~> 4.4)
    - RxSwift (>= 4.4.2, ~> 4.4)
  - RxCocoa (4.4.2):
    - RxSwift (>= 4.4.2, ~> 4.4)
  - RxSwift (4.4.2):
    - RxAtomic (>= 4.4.2, ~> 4.4)
  - RxTest (4.4.2):
    - RxAtomic (>= 4.4.2, ~> 4.4)
    - RxSwift (>= 4.4.2, ~> 4.4)
  - SwiftyJSON (4.2.0)
  - SwipeableTabBarController (2.1.0)

DEPENDENCIES:
  - Alamofire (~> 4.8.2)
  - Charts (~> 3.2.2)
  - RxBlocking (~> 4.4.2)
  - RxCocoa (~> 4.4.2)
  - RxSwift (~> 4.4.2)
  - RxTest (~> 4.4.2)
  - SwiftyJSON (~> 4.0)
  - SwipeableTabBarController

SPEC REPOS:
  https://github.com/cocoapods/specs.git:
    - Alamofire
    - Charts
    - RxAtomic
    - RxBlocking
    - RxCocoa
    - RxSwift
    - RxTest
    - SwiftyJSON
    - SwipeableTabBarController

SPEC CHECKSUMS:
  Alamofire: ae5c501addb7afdbb13687d7f2f722c78734c2d3
  Charts: f69cf0518b6d1d62608ca504248f1bbe0b6ae77e
  RxAtomic: d00e97c10db88c6f08540e0bf2752fc5a2404167
  RxBlocking: e96fdda1473d81332a6ed2cface935dc2167a122
  RxCocoa: 477990dc3b4c3ff55fb0ac77e1cc06244e0aaec8
  RxSwift: 74c29b693c8e42b0f64400e8b06564575742d649
  RxTest: 6433d5b6229f5de424fa534bc22b5e6c38b0b671
  SwiftyJSON: c4bcba26dd9ec7a027fc8eade48e2c911f229e96
  SwipeableTabBarController: e6445066473bb548cc74f660c0ebc04d609cde67

PODFILE CHECKSUM: eb9954b9cbc5dd8bb4798ff56c1e9348679c8643

COCOAPODS: 1.6.1
